
Microsoft Visual Studio Solution File, Format Version 12.00
# Visual Studio 2012
Project("{FAE04EC0-301F-11D3-BF4B-00C04F79EFBC}") = "Template.Desktop", "Template.Desktop\Template.Desktop.csproj", "{8D1E3D9B-72C6-4B55-B895-D3EB0022C9E4}"
EndProject
Project("{FAE04EC0-301F-11D3-BF4B-00C04F79EFBC}") = "Template.Common", "Template.Common\Template.Common.csproj", "{C2F76C9D-130E-4C9C-80D6-C6CC7D145DF2}"
EndProject
Project("{FAE04EC0-301F-11D3-BF4B-00C04F79EFBC}") = "Template.Core", "Template.Core\Template.Core.csproj", "{B4C3A2EC-F81F-4282-9A11-A08B6E46773C}"
EndProject
Global
	GlobalSection(SolutionConfigurationPlatforms) = preSolution
		Debug|Any CPU = Debug|Any CPU
		Release|Any CPU = Release|Any CPU
	EndGlobalSection
	GlobalSection(ProjectConfigurationPlatforms) = postSolution
		{8D1E3D9B-72C6-4B55-B895-D3EB0022C9E4}.Debug|Any CPU.ActiveCfg = Debug|Any CPU
		{8D1E3D9B-72C6-4B55-B895-D3EB0022C9E4}.Debug|Any CPU.Build.0 = Debug|Any CPU
		{8D1E3D9B-72C6-4B55-B895-D3EB0022C9E4}.Release|Any CPU.ActiveCfg = Release|Any CPU
		{8D1E3D9B-72C6-4B55-B895-D3EB0022C9E4}.Release|Any CPU.Build.0 = Release|Any CPU
		{C2F76C9D-130E-4C9C-80D6-C6CC7D145DF2}.Debug|Any CPU.ActiveCfg = Debug|Any CPU
		{C2F76C9D-130E-4C9C-80D6-C6CC7D145DF2}.Debug|Any CPU.Build.0 = Debug|Any CPU
		{C2F76C9D-130E-4C9C-80D6-C6CC7D145DF2}.Release|Any CPU.ActiveCfg = Release|Any CPU
		{C2F76C9D-130E-4C9C-80D6-C6CC7D145DF2}.Release|Any CPU.Build.0 = Release|Any CPU
		{B4C3A2EC-F81F-4282-9A11-A08B6E46773C}.Debug|Any CPU.ActiveCfg = Debug|Any CPU
		{B4C3A2EC-F81F-4282-9A11-A08B6E46773C}.Debug|Any CPU.Build.0 = Debug|Any CPU
		{B4C3A2EC-F81F-4282-9A11-A08B6E46773C}.Release|Any CPU.ActiveCfg = Release|Any CPU
		{B4C3A2EC-F81F-4282-9A11-A08B6E46773C}.Release|Any CPU.Build.0 = Release|Any CPU
	EndGlobalSection
	GlobalSection(SolutionProperties) = preSolution
		HideSolutionNode = FALSE
	EndGlobalSection
EndGlobal
